// !$*UTF8*$!
{
	archiveVersion = 1;
	classes = {
	};
	objectVersion = 51;
	objects = {

/* Begin PBXBuildFile section */
		3608D47A23A6B3710029C2D0 /* MoviesCollectionCell.swift in Sources */ = {isa = PBXBuildFile; fileRef = 3608D47823A6B3710029C2D0 /* MoviesCollectionCell.swift */; };
		3608D47B23A6B3710029C2D0 /* MoviesCollectionCell.xib in Resources */ = {isa = PBXBuildFile; fileRef = 3608D47923A6B3710029C2D0 /* MoviesCollectionCell.xib */; };
		3608D47E23A6B4ED0029C2D0 /* PopulerViewCell.swift in Sources */ = {isa = PBXBuildFile; fileRef = 3608D47C23A6B4ED0029C2D0 /* PopulerViewCell.swift */; };
		3608D47F23A6B4ED0029C2D0 /* PopulerViewCell.xib in Resources */ = {isa = PBXBuildFile; fileRef = 3608D47D23A6B4ED0029C2D0 /* PopulerViewCell.xib */; };
		36F1022D23A4564B00DDCA1E /* AppDelegate.swift in Sources */ = {isa = PBXBuildFile; fileRef = 36F1022C23A4564B00DDCA1E /* AppDelegate.swift */; };
		36F1022F23A4564B00DDCA1E /* SceneDelegate.swift in Sources */ = {isa = PBXBuildFile; fileRef = 36F1022E23A4564B00DDCA1E /* SceneDelegate.swift */; };
		36F1023123A4564B00DDCA1E /* ViewController.swift in Sources */ = {isa = PBXBuildFile; fileRef = 36F1023023A4564B00DDCA1E /* ViewController.swift */; };
		36F1023423A4564B00DDCA1E /* Main.storyboard in Resources */ = {isa = PBXBuildFile; fileRef = 36F1023223A4564B00DDCA1E /* Main.storyboard */; };
		36F1023623A4564C00DDCA1E /* Assets.xcassets in Resources */ = {isa = PBXBuildFile; fileRef = 36F1023523A4564C00DDCA1E /* Assets.xcassets */; };
		36F1023923A4564C00DDCA1E /* LaunchScreen.storyboard in Resources */ = {isa = PBXBuildFile; fileRef = 36F1023723A4564C00DDCA1E /* LaunchScreen.storyboard */; };
		36F1024123A4567B00DDCA1E /* StoriesCollectionViewCell.swift in Sources */ = {isa = PBXBuildFile; fileRef = 36F1024023A4567B00DDCA1E /* StoriesCollectionViewCell.swift */; };
		36F1024323A457F500DDCA1E /* APIManager.swift in Sources */ = {isa = PBXBuildFile; fileRef = 36F1024223A457F500DDCA1E /* APIManager.swift */; };
		36F1024523A45CA000DDCA1E /* PostModel.swift in Sources */ = {isa = PBXBuildFile; fileRef = 36F1024423A45CA000DDCA1E /* PostModel.swift */; };
		36F1024B23A46F3C00DDCA1E /* MoviesViewController.swift in Sources */ = {isa = PBXBuildFile; fileRef = 36F1024A23A46F3C00DDCA1E /* MoviesViewController.swift */; };
		36F1025023A505CE00DDCA1E /* MovieModel.swift in Sources */ = {isa = PBXBuildFile; fileRef = 36F1024F23A505CE00DDCA1E /* MovieModel.swift */; };
		36F1025323A5203D00DDCA1E /* cellType1.swift in Sources */ = {isa = PBXBuildFile; fileRef = 36F1025123A5203D00DDCA1E /* cellType1.swift */; };
		36F1025423A5203D00DDCA1E /* cellType1.xib in Resources */ = {isa = PBXBuildFile; fileRef = 36F1025223A5203D00DDCA1E /* cellType1.xib */; };
		36F1025723A5204B00DDCA1E /* cellType2.swift in Sources */ = {isa = PBXBuildFile; fileRef = 36F1025523A5204B00DDCA1E /* cellType2.swift */; };
		36F1025823A5204B00DDCA1E /* cellType2.xib in Resources */ = {isa = PBXBuildFile; fileRef = 36F1025623A5204B00DDCA1E /* cellType2.xib */; };
		46B7A229B3EEC5A2FF017715 /* Pods_Project.framework in Frameworks */ = {isa = PBXBuildFile; fileRef = EC9ABC97B6EAA2F9FE14AEC4 /* Pods_Project.framework */; };
/* End PBXBuildFile section */

/* Begin PBXFileReference section */
		15782BA1BC02A117F5650406 /* Pods-Project.debug.xcconfig */ = {isa = PBXFileReference; includeInIndex = 1; lastKnownFileType = text.xcconfig; name = "Pods-Project.debug.xcconfig"; path = "Target Support Files/Pods-Project/Pods-Project.debug.xcconfig"; sourceTree = "<group>"; };
		1B8C703DE7668C7E874A85E5 /* Pods-Project.release.xcconfig */ = {isa = PBXFileReference; includeInIndex = 1; lastKnownFileType = text.xcconfig; name = "Pods-Project.release.xcconfig"; path = "Target Support Files/Pods-Project/Pods-Project.release.xcconfig"; sourceTree = "<group>"; };
		3608D47823A6B3710029C2D0 /* MoviesCollectionCell.swift */ = {isa = PBXFileReference; lastKnownFileType = sourcecode.swift; path = MoviesCollectionCell.swift; sourceTree = "<group>"; };
		3608D47923A6B3710029C2D0 /* MoviesCollectionCell.xib */ = {isa = PBXFileReference; lastKnownFileType = file.xib; path = MoviesCollectionCell.xib; sourceTree = "<group>"; };
		3608D47C23A6B4ED0029C2D0 /* PopulerViewCell.swift */ = {isa = PBXFileReference; lastKnownFileType = sourcecode.swift; path = PopulerViewCell.swift; sourceTree = "<group>"; };
		3608D47D23A6B4ED0029C2D0 /* PopulerViewCell.xib */ = {isa = PBXFileReference; lastKnownFileType = file.xib; path = PopulerViewCell.xib; sourceTree = "<group>"; };
		36F1022923A4564B00DDCA1E /* Project.app */ = {isa = PBXFileReference; explicitFileType = wrapper.application; includeInIndex = 0; path = Project.app; sourceTree = BUILT_PRODUCTS_DIR; };
		36F1022C23A4564B00DDCA1E /* AppDelegate.swift */ = {isa = PBXFileReference; lastKnownFileType = sourcecode.swift; path = AppDelegate.swift; sourceTree = "<group>"; };
		36F1022E23A4564B00DDCA1E /* SceneDelegate.swift */ = {isa = PBXFileReference; lastKnownFileType = sourcecode.swift; path = SceneDelegate.swift; sourceTree = "<group>"; };
		36F1023023A4564B00DDCA1E /* ViewController.swift */ = {isa = PBXFileReference; lastKnownFileType = sourcecode.swift; path = ViewController.swift; sourceTree = "<group>"; };
		36F1023323A4564B00DDCA1E /* Base */ = {isa = PBXFileReference; lastKnownFileType = file.storyboard; name = Base; path = Base.lproj/Main.storyboard; sourceTree = "<group>"; };
		36F1023523A4564C00DDCA1E /* Assets.xcassets */ = {isa = PBXFileReference; lastKnownFileType = folder.assetcatalog; path = Assets.xcassets; sourceTree = "<group>"; };
		36F1023823A4564C00DDCA1E /* Base */ = {isa = PBXFileReference; lastKnownFileType = file.storyboard; name = Base; path = Base.lproj/LaunchScreen.storyboard; sourceTree = "<group>"; };
		36F1023A23A4564C00DDCA1E /* Info.plist */ = {isa = PBXFileReference; lastKnownFileType = text.plist.xml; path = Info.plist; sourceTree = "<group>"; };
		36F1024023A4567B00DDCA1E /* StoriesCollectionViewCell.swift */ = {isa = PBXFileReference; lastKnownFileType = sourcecode.swift; path = StoriesCollectionViewCell.swift; sourceTree = "<group>"; };
		36F1024223A457F500DDCA1E /* APIManager.swift */ = {isa = PBXFileReference; lastKnownFileType = sourcecode.swift; path = APIManager.swift; sourceTree = "<group>"; };
		36F1024423A45CA000DDCA1E /* PostModel.swift */ = {isa = PBXFileReference; lastKnownFileType = sourcecode.swift; path = PostModel.swift; sourceTree = "<group>"; };
		36F1024A23A46F3C00DDCA1E /* MoviesViewController.swift */ = {isa = PBXFileReference; lastKnownFileType = sourcecode.swift; path = MoviesViewController.swift; sourceTree = "<group>"; };
		36F1024F23A505CE00DDCA1E /* MovieModel.swift */ = {isa = PBXFileReference; lastKnownFileType = sourcecode.swift; path = MovieModel.swift; sourceTree = "<group>"; };
		36F1025123A5203D00DDCA1E /* cellType1.swift */ = {isa = PBXFileReference; lastKnownFileType = sourcecode.swift; path = cellType1.swift; sourceTree = "<group>"; };
		36F1025223A5203D00DDCA1E /* cellType1.xib */ = {isa = PBXFileReference; lastKnownFileType = file.xib; path = cellType1.xib; sourceTree = "<group>"; };
		36F1025523A5204B00DDCA1E /* cellType2.swift */ = {isa = PBXFileReference; lastKnownFileType = sourcecode.swift; path = cellType2.swift; sourceTree = "<group>"; };
		36F1025623A5204B00DDCA1E /* cellType2.xib */ = {isa = PBXFileReference; lastKnownFileType = file.xib; path = cellType2.xib; sourceTree = "<group>"; };
		EC9ABC97B6EAA2F9FE14AEC4 /* Pods_Project.framework */ = {isa = PBXFileReference; explicitFileType = wrapper.framework; includeInIndex = 0; path = Pods_Project.framework; sourceTree = BUILT_PRODUCTS_DIR; };
/* End PBXFileReference section */

/* Begin PBXFrameworksBuildPhase section */
		36F1022623A4564B00DDCA1E /* Frameworks */ = {
			isa = PBXFrameworksBuildPhase;
			buildActionMask = 2147483647;
			files = (
				46B7A229B3EEC5A2FF017715 /* Pods_Project.framework in Frameworks */,
			);
			runOnlyForDeploymentPostprocessing = 0;
		};
/* End PBXFrameworksBuildPhase section */

/* Begin PBXGroup section */
		22EA42D43559B37B8B2723CF /* Pods */ = {
			isa = PBXGroup;
			children = (
				15782BA1BC02A117F5650406 /* Pods-Project.debug.xcconfig */,
				1B8C703DE7668C7E874A85E5 /* Pods-Project.release.xcconfig */,
			);
			path = Pods;
			sourceTree = "<group>";
		};
		3608D47423A6AE880029C2D0 /* Tab1 */ = {
			isa = PBXGroup;
			children = (
				36F1024023A4567B00DDCA1E /* StoriesCollectionViewCell.swift */,
				36F1025123A5203D00DDCA1E /* cellType1.swift */,
				36F1025223A5203D00DDCA1E /* cellType1.xib */,
				36F1025523A5204B00DDCA1E /* cellType2.swift */,
				36F1025623A5204B00DDCA1E /* cellType2.xib */,
			);
			path = Tab1;
			sourceTree = "<group>";
		};
		3608D47523A6AE930029C2D0 /* Tab2 */ = {
			isa = PBXGroup;
			children = (
				3608D47823A6B3710029C2D0 /* MoviesCollectionCell.swift */,
				3608D47923A6B3710029C2D0 /* MoviesCollectionCell.xib */,
				3608D47C23A6B4ED0029C2D0 /* PopulerViewCell.swift */,
				3608D47D23A6B4ED0029C2D0 /* PopulerViewCell.xib */,
			);
			path = Tab2;
			sourceTree = "<group>";
		};
		3608D48023A6B7140029C2D0 /* Controller */ = {
			isa = PBXGroup;
			children = (
				36F1023023A4564B00DDCA1E /* ViewController.swift */,
				36F1024A23A46F3C00DDCA1E /* MoviesViewController.swift */,
			);
			path = Controller;
			sourceTree = "<group>";
		};
		36F1022023A4564B00DDCA1E = {
			isa = PBXGroup;
			children = (
				36F1022B23A4564B00DDCA1E /* Project */,
				36F1022A23A4564B00DDCA1E /* Products */,
				22EA42D43559B37B8B2723CF /* Pods */,
				AB846D696861099821D621A6 /* Frameworks */,
			);
			sourceTree = "<group>";
		};
		36F1022A23A4564B00DDCA1E /* Products */ = {
			isa = PBXGroup;
			children = (
				36F1022923A4564B00DDCA1E /* Project.app */,
			);
			name = Products;
			sourceTree = "<group>";
		};
		36F1022B23A4564B00DDCA1E /* Project */ = {
			isa = PBXGroup;
			children = (
				36F1022C23A4564B00DDCA1E /* AppDelegate.swift */,
				36F1022E23A4564B00DDCA1E /* SceneDelegate.swift */,
				36F1024E23A505BA00DDCA1E /* Models */,
				36F1024723A4659300DDCA1E /* Manager */,
				36F1024623A4657D00DDCA1E /* Cell */,
				3608D48023A6B7140029C2D0 /* Controller */,
				36F1023223A4564B00DDCA1E /* Main.storyboard */,
				36F1023523A4564C00DDCA1E /* Assets.xcassets */,
				36F1023723A4564C00DDCA1E /* LaunchScreen.storyboard */,
				36F1023A23A4564C00DDCA1E /* Info.plist */,
			);
			path = Project;
			sourceTree = "<group>";
		};
		36F1024623A4657D00DDCA1E /* Cell */ = {
			isa = PBXGroup;
			children = (
				3608D47423A6AE880029C2D0 /* Tab1 */,
				3608D47523A6AE930029C2D0 /* Tab2 */,
			);
			path = Cell;
			sourceTree = "<group>";
		};
		36F1024723A4659300DDCA1E /* Manager */ = {
			isa = PBXGroup;
			children = (
				36F1024223A457F500DDCA1E /* APIManager.swift */,
			);
			path = Manager;
			sourceTree = "<group>";
		};
		36F1024E23A505BA00DDCA1E /* Models */ = {
			isa = PBXGroup;
			children = (
				36F1024423A45CA000DDCA1E /* PostModel.swift */,
				36F1024F23A505CE00DDCA1E /* MovieModel.swift */,
			);
			path = Models;
			sourceTree = "<group>";
		};
		AB846D696861099821D621A6 /* Frameworks */ = {
			isa = PBXGroup;
			children = (
				EC9ABC97B6EAA2F9FE14AEC4 /* Pods_Project.framework */,
			);
			name = Frameworks;
			sourceTree = "<group>";
		};
/* End PBXGroup section */

/* Begin PBXNativeTarget section */
		36F1022823A4564B00DDCA1E /* Project */ = {
			isa = PBXNativeTarget;
			buildConfigurationList = 36F1023D23A4564C00DDCA1E /* Build configuration list for PBXNativeTarget "Project" */;
			buildPhases = (
				69C105EB4D76574A2DB0EDA9 /* [CP] Check Pods Manifest.lock */,
				36F1022523A4564B00DDCA1E /* Sources */,
				36F1022623A4564B00DDCA1E /* Frameworks */,
				36F1022723A4564B00DDCA1E /* Resources */,
				E00FB7A5762D7A8479DA1AB7 /* [CP] Embed Pods Frameworks */,
			);
			buildRules = (
			);
			dependencies = (
			);
			name = Project;
			productName = Project;
			productReference = 36F1022923A4564B00DDCA1E /* Project.app */;
			productType = "com.apple.product-type.application";
		};
/* End PBXNativeTarget section */

/* Begin PBXProject section */
		36F1022123A4564B00DDCA1E /* Project object */ = {
			isa = PBXProject;
			attributes = {
				LastSwiftUpdateCheck = 1120;
				LastUpgradeCheck = 1120;
				ORGANIZATIONNAME = "Aykut Doğru";
				TargetAttributes = {
					36F1022823A4564B00DDCA1E = {
						CreatedOnToolsVersion = 11.2.1;
					};
				};
			};
			buildConfigurationList = 36F1022423A4564B00DDCA1E /* Build configuration list for PBXProject "Project" */;
			compatibilityVersion = "Xcode 9.3";
			developmentRegion = en;
			hasScannedForEncodings = 0;
			knownRegions = (
				en,
				Base,
			);
			mainGroup = 36F1022023A4564B00DDCA1E;
			productRefGroup = 36F1022A23A4564B00DDCA1E /* Products */;
			projectDirPath = "";
			projectRoot = "";
			targets = (
				36F1022823A4564B00DDCA1E /* Project */,
			);
		};
/* End PBXProject section */

/* Begin PBXResourcesBuildPhase section */
		36F1022723A4564B00DDCA1E /* Resources */ = {
			isa = PBXResourcesBuildPhase;
			buildActionMask = 2147483647;
			files = (
				36F1025823A5204B00DDCA1E /* cellType2.xib in Resources */,
				36F1023923A4564C00DDCA1E /* LaunchScreen.storyboard in Resources */,
				3608D47F23A6B4ED0029C2D0 /* PopulerViewCell.xib in Resources */,
				3608D47B23A6B3710029C2D0 /* MoviesCollectionCell.xib in Resources */,
				36F1025423A5203D00DDCA1E /* cellType1.xib in Resources */,
				36F1023623A4564C00DDCA1E /* Assets.xcassets in Resources */,
				36F1023423A4564B00DDCA1E /* Main.storyboard in Resources */,
			);
			runOnlyForDeploymentPostprocessing = 0;
		};
/* End PBXResourcesBuildPhase section */

/* Begin PBXShellScriptBuildPhase section */
		69C105EB4D76574A2DB0EDA9 /* [CP] Check Pods Manifest.lock */ = {
			isa = PBXShellScriptBuildPhase;
			buildActionMask = 2147483647;
			files = (
			);
			inputFileListPaths = (
			);
			inputPaths = (
				"${PODS_PODFILE_DIR_PATH}/Podfile.lock",
				"${PODS_ROOT}/Manifest.lock",
			);
			name = "[CP] Check Pods Manifest.lock";
			outputFileListPaths = (
			);
			outputPaths = (
				"$(DERIVED_FILE_DIR)/Pods-Project-checkManifestLockResult.txt",
			);
			runOnlyForDeploymentPostprocessing = 0;
			shellPath = /bin/sh;
			shellScript = "diff \"${PODS_PODFILE_DIR_PATH}/Podfile.lock\" \"${PODS_ROOT}/Manifest.lock\" > /dev/null\nif [ $? != 0 ] ; then\n    # print error to STDERR\n    echo \"error: The sandbox is not in sync with the Podfile.lock. Run 'pod install' or update your CocoaPods installation.\" >&2\n    exit 1\nfi\n# This output is used by Xcode 'outputs' to avoid re-running this script phase.\necho \"SUCCESS\" > \"${SCRIPT_OUTPUT_FILE_0}\"\n";
			showEnvVarsInLog = 0;
		};
		E00FB7A5762D7A8479DA1AB7 /* [CP] Embed Pods Frameworks */ = {
			isa = PBXShellScriptBuildPhase;
			buildActionMask = 2147483647;
			files = (
			);
			inputFileListPaths = (
				"${PODS_ROOT}/Target Support Files/Pods-Project/Pods-Project-frameworks-${CONFIGURATION}-input-files.xcfilelist",
			);
			name = "[CP] Embed Pods Frameworks";
			outputFileListPaths = (
				"${PODS_ROOT}/Target Support Files/Pods-Project/Pods-Project-frameworks-${CONFIGURATION}-output-files.xcfilelist",
			);
			runOnlyForDeploymentPostprocessing = 0;
			shellPath = /bin/sh;
			shellScript = "\"${PODS_ROOT}/Target Support Files/Pods-Project/Pods-Project-frameworks.sh\"\n";
			showEnvVarsInLog = 0;
		};
/* End PBXShellScriptBuildPhase section */

/* Begin PBXSourcesBuildPhase section */
		36F1022523A4564B00DDCA1E /* Sources */ = {
			isa = PBXSourcesBuildPhase;
			buildActionMask = 2147483647;
			files = (
				36F1023123A4564B00DDCA1E /* ViewController.swift in Sources */,
				36F1022D23A4564B00DDCA1E /* AppDelegate.swift in Sources */,
				36F1025023A505CE00DDCA1E /* MovieModel.swift in Sources */,
				3608D47A23A6B3710029C2D0 /* MoviesCollectionCell.swift in Sources */,
				36F1024323A457F500DDCA1E /* APIManager.swift in Sources */,
				36F1025323A5203D00DDCA1E /* cellType1.swift in Sources */,
				36F1024523A45CA000DDCA1E /* PostModel.swift in Sources */,
				36F1024123A4567B00DDCA1E /* StoriesCollectionViewCell.swift in Sources */,
				36F1022F23A4564B00DDCA1E /* SceneDelegate.swift in Sources */,
				3608D47E23A6B4ED0029C2D0 /* PopulerViewCell.swift in Sources */,
				36F1025723A5204B00DDCA1E /* cellType2.swift in Sources */,
				36F1024B23A46F3C00DDCA1E /* MoviesViewController.swift in Sources */,
			);
			runOnlyForDeploymentPostprocessing = 0;
		};
/* End PBXSourcesBuildPhase section */

/* Begin PBXVariantGroup section */
		36F1023223A4564B00DDCA1E /* Main.storyboard */ = {
			isa = PBXVariantGroup;
			children = (
				36F1023323A4564B00DDCA1E /* Base */,
			);
			name = Main.storyboard;
			sourceTree = "<group>";
		};
		36F1023723A4564C00DDCA1E /* LaunchScreen.storyboard */ = {
			isa = PBXVariantGroup;
			children = (
				36F1023823A4564C00DDCA1E /* Base */,
			);
			name = LaunchScreen.storyboard;
			sourceTree = "<group>";
		};
/* End PBXVariantGroup section */

/* Begin XCBuildConfiguration section */
		36F1023B23A4564C00DDCA1E /* Debug */ = {
			isa = XCBuildConfiguration;
			buildSettings = {
				ALWAYS_SEARCH_USER_PATHS = NO;
				CLANG_ANALYZER_NONNULL = YES;
				CLANG_ANALYZER_NUMBER_OBJECT_CONVERSION = YES_AGGRESSIVE;
				CLANG_CXX_LANGUAGE_STANDARD = "gnu++14";
				CLANG_CXX_LIBRARY = "libc++";
				CLANG_ENABLE_MODULES = YES;
				CLANG_ENABLE_OBJC_ARC = YES;
				CLANG_ENABLE_OBJC_WEAK = YES;
				CLANG_WARN_BLOCK_CAPTURE_AUTORELEASING = YES;
				CLANG_WARN_BOOL_CONVERSION = YES;
				CLANG_WARN_COMMA = YES;
				CLANG_WARN_CONSTANT_CONVERSION = YES;
				CLANG_WARN_DEPRECATED_OBJC_IMPLEMENTATIONS = YES;
				CLANG_WARN_DIRECT_OBJC_ISA_USAGE = YES_ERROR;
				CLANG_WARN_DOCUMENTATION_COMMENTS = YES;
				CLANG_WARN_EMPTY_BODY = YES;
				CLANG_WARN_ENUM_CONVERSION = YES;
				CLANG_WARN_INFINITE_RECURSION = YES;
				CLANG_WARN_INT_CONVERSION = YES;
				CLANG_WARN_NON_LITERAL_NULL_CONVERSION = YES;
				CLANG_WARN_OBJC_IMPLICIT_RETAIN_SELF = YES;
				CLANG_WARN_OBJC_LITERAL_CONVERSION = YES;
				CLANG_WARN_OBJC_ROOT_CLASS = YES_ERROR;
				CLANG_WARN_RANGE_LOOP_ANALYSIS = YES;
				CLANG_WARN_STRICT_PROTOTYPES = YES;
				CLANG_WARN_SUSPICIOUS_MOVE = YES;
				CLANG_WARN_UNGUARDED_AVAILABILITY = YES_AGGRESSIVE;
				CLANG_WARN_UNREACHABLE_CODE = YES;
				CLANG_WARN__DUPLICATE_METHOD_MATCH = YES;
				COPY_PHASE_STRIP = NO;
				DEBUG_INFORMATION_FORMAT = dwarf;
				ENABLE_STRICT_OBJC_MSGSEND = YES;
				ENABLE_TESTABILITY = YES;
				GCC_C_LANGUAGE_STANDARD = gnu11;
				GCC_DYNAMIC_NO_PIC = NO;
				GCC_NO_COMMON_BLOCKS = YES;
				GCC_OPTIMIZATION_LEVEL = 0;
				GCC_PREPROCESSOR_DEFINITIONS = (
					"DEBUG=1",
					"$(inherited)",
				);
				GCC_WARN_64_TO_32_BIT_CONVERSION = YES;
				GCC_WARN_ABOUT_RETURN_TYPE = YES_ERROR;
				GCC_WARN_UNDECLARED_SELECTOR = YES;
				GCC_WARN_UNINITIALIZED_AUTOS = YES_AGGRESSIVE;
				GCC_WARN_UNUSED_FUNCTION = YES;
				GCC_WARN_UNUSED_VARIABLE = YES;
				IPHONEOS_DEPLOYMENT_TARGET = 13.2;
				MTL_ENABLE_DEBUG_INFO = INCLUDE_SOURCE;
				MTL_FAST_MATH = YES;
				ONLY_ACTIVE_ARCH = YES;
				SDKROOT = iphoneos;
				SWIFT_ACTIVE_COMPILATION_CONDITIONS = DEBUG;
				SWIFT_OPTIMIZATION_LEVEL = "-Onone";
			};
			name = Debug;
		};
		36F1023C23A4564C00DDCA1E /* Release */ = {
			isa = XCBuildConfiguration;
			buildSettings = {
				ALWAYS_SEARCH_USER_PATHS = NO;
				CLANG_ANALYZER_NONNULL = YES;
				CLANG_ANALYZER_NUMBER_OBJECT_CONVERSION = YES_AGGRESSIVE;
				CLANG_CXX_LANGUAGE_STANDARD = "gnu++14";
				CLANG_CXX_LIBRARY = "libc++";
				CLANG_ENABLE_MODULES = YES;
				CLANG_ENABLE_OBJC_ARC = YES;
				CLANG_ENABLE_OBJC_WEAK = YES;
				CLANG_WARN_BLOCK_CAPTURE_AUTORELEASING = YES;
				CLANG_WARN_BOOL_CONVERSION = YES;
				CLANG_WARN_COMMA = YES;
				CLANG_WARN_CONSTANT_CONVERSION = YES;
				CLANG_WARN_DEPRECATED_OBJC_IMPLEMENTATIONS = YES;
				CLANG_WARN_DIRECT_OBJC_ISA_USAGE = YES_ERROR;
				CLANG_WARN_DOCUMENTATION_COMMENTS = YES;
				CLANG_WARN_EMPTY_BODY = YES;
				CLANG_WARN_ENUM_CONVERSION = YES;
				CLANG_WARN_INFINITE_RECURSION = YES;
				CLANG_WARN_INT_CONVERSION = YES;
				CLANG_WARN_NON_LITERAL_NULL_CONVERSION = YES;
				CLANG_WARN_OBJC_IMPLICIT_RETAIN_SELF = YES;
				CLANG_WARN_OBJC_LITERAL_CONVERSION = YES;
				CLANG_WARN_OBJC_ROOT_CLASS = YES_ERROR;
				CLANG_WARN_RANGE_LOOP_ANALYSIS = YES;
				CLANG_WARN_STRICT_PROTOTYPES = YES;
				CLANG_WARN_SUSPICIOUS_MOVE = YES;
				CLANG_WARN_UNGUARDED_AVAILABILITY = YES_AGGRESSIVE;
				CLANG_WARN_UNREACHABLE_CODE = YES;
				CLANG_WARN__DUPLICATE_METHOD_MATCH = YES;
				COPY_PHASE_STRIP = NO;
				DEBUG_INFORMATION_FORMAT = "dwarf-with-dsym";
				ENABLE_NS_ASSERTIONS = NO;
				ENABLE_STRICT_OBJC_MSGSEND = YES;
				GCC_C_LANGUAGE_STANDARD = gnu11;
				GCC_NO_COMMON_BLOCKS = YES;
				GCC_WARN_64_TO_32_BIT_CONVERSION = YES;
				GCC_WARN_ABOUT_RETURN_TYPE = YES_ERROR;
				GCC_WARN_UNDECLARED_SELECTOR = YES;
				GCC_WARN_UNINITIALIZED_AUTOS = YES_AGGRESSIVE;
				GCC_WARN_UNUSED_FUNCTION = YES;
				GCC_WARN_UNUSED_VARIABLE = YES;
				IPHONEOS_DEPLOYMENT_TARGET = 13.2;
				MTL_ENABLE_DEBUG_INFO = NO;
				MTL_FAST_MATH = YES;
				SDKROOT = iphoneos;
				SWIFT_COMPILATION_MODE = wholemodule;
				SWIFT_OPTIMIZATION_LEVEL = "-O";
				VALIDATE_PRODUCT = YES;
			};
			name = Release;
		};
		36F1023E23A4564C00DDCA1E /* Debug */ = {
			isa = XCBuildConfiguration;
			baseConfigurationReference = 15782BA1BC02A117F5650406 /* Pods-Project.debug.xcconfig */;
			buildSettings = {
				ASSETCATALOG_COMPILER_APPICON_NAME = AppIcon;
				CODE_SIGN_IDENTITY = "iPhone Developer";
				CODE_SIGN_STYLE = Manual;
				DEVELOPMENT_TEAM = 553744G5P7;
				INFOPLIST_FILE = Project/Info.plist;
				IPHONEOS_DEPLOYMENT_TARGET = 13.1;
				LD_RUNPATH_SEARCH_PATHS = (
					"$(inherited)",
					"@executable_path/Frameworks",
				);
				PRODUCT_BUNDLE_IDENTIFIER = com.fundex.test;
				PRODUCT_NAME = "$(TARGET_NAME)";
				PROVISIONING_PROFILE_SPECIFIER = "Samcro JokeEditSDK Dev";
				SWIFT_VERSION = 5.0;
				TARGETED_DEVICE_FAMILY = "1,2";
			};
			name = Debug;
		};
		36F1023F23A4564C00DDCA1E /* Release */ = {
			isa = XCBuildConfiguration;
			baseConfigurationReference = 1B8C703DE7668C7E874A85E5 /* Pods-Project.release.xcconfig */;
			buildSettings = {
				ASSETCATALOG_COMPILER_APPICON_NAME = AppIcon;
				CODE_SIGN_IDENTITY = "iPhone Developer";
				CODE_SIGN_STYLE = Manual;
				DEVELOPMENT_TEAM = 553744G5P7;
				INFOPLIST_FILE = Project/Info.plist;
				IPHONEOS_DEPLOYMENT_TARGET = 13.1;
				LD_RUNPATH_SEARCH_PATHS = (
					"$(inherited)",
					"@executable_path/Frameworks",
				);
				PRODUCT_BUNDLE_IDENTIFIER = com.fundex.test;
				PRODUCT_NAME = "$(TARGET_NAME)";
				PROVISIONING_PROFILE_SPECIFIER = "Samcro JokeEditSDK Dev";
				SWIFT_VERSION = 5.0;
				TARGETED_DEVICE_FAMILY = "1,2";
			};
			name = Release;
		};
/* End XCBuildConfiguration section */

/* Begin XCConfigurationList section */
		36F1022423A4564B00DDCA1E /* Build configuration list for PBXProject "Project" */ = {
			isa = XCConfigurationList;
			buildConfigurations = (
				36F1023B23A4564C00DDCA1E /* Debug */,
				36F1023C23A4564C00DDCA1E /* Release */,
			);
			defaultConfigurationIsVisible = 0;
			defaultConfigurationName = Release;
		};
		36F1023D23A4564C00DDCA1E /* Build configuration list for PBXNativeTarget "Project" */ = {
			isa = XCConfigurationList;
			buildConfigurations = (
				36F1023E23A4564C00DDCA1E /* Debug */,
				36F1023F23A4564C00DDCA1E /* Release */,
			);
			defaultConfigurationIsVisible = 0;
			defaultConfigurationName = Release;
		};
/* End XCConfigurationList section */
	};
	rootObject = 36F1022123A4564B00DDCA1E /* Project object */;
}
